// !$*UTF8*$!
{
	archiveVersion = 1;
	classes = {
	};
	objectVersion = 51;
	objects = {

/* Begin PBXBuildFile section */
		0A29BD8B061C128203816DAD /* Pods_FlixsterTests.framework in Frameworks */ = {isa = PBXBuildFile; fileRef = 0CCACA895AF6C75E5619D96C /* Pods_FlixsterTests.framework */; };
		240BD655253B72A200673541 /* AppDelegate.swift in Sources */ = {isa = PBXBuildFile; fileRef = 240BD654253B72A200673541 /* AppDelegate.swift */; };
		240BD657253B72A200673541 /* ViewController.swift in Sources */ = {isa = PBXBuildFile; fileRef = 240BD656253B72A200673541 /* ViewController.swift */; };
		240BD65A253B72A200673541 /* Main.storyboard in Resources */ = {isa = PBXBuildFile; fileRef = 240BD658253B72A200673541 /* Main.storyboard */; };
		240BD65C253B72A200673541 /* Assets.xcassets in Resources */ = {isa = PBXBuildFile; fileRef = 240BD65B253B72A200673541 /* Assets.xcassets */; };
		240BD65F253B72A200673541 /* LaunchScreen.storyboard in Resources */ = {isa = PBXBuildFile; fileRef = 240BD65D253B72A200673541 /* LaunchScreen.storyboard */; };
		240BD66A253B72A200673541 /* FlixsterTests.swift in Sources */ = {isa = PBXBuildFile; fileRef = 240BD669253B72A200673541 /* FlixsterTests.swift */; };
		240BD675253B72A200673541 /* FlixsterUITests.swift in Sources */ = {isa = PBXBuildFile; fileRef = 240BD674253B72A200673541 /* FlixsterUITests.swift */; };
		240BD683253B7A1B00673541 /* MovieCell.swift in Sources */ = {isa = PBXBuildFile; fileRef = 240BD682253B7A1B00673541 /* MovieCell.swift */; };
		24650FA5253E86EA00F08D0C /* MovieDetailViewController.swift in Sources */ = {isa = PBXBuildFile; fileRef = 24650FA4253E86EA00F08D0C /* MovieDetailViewController.swift */; };
		24650FA9253E9F5300F08D0C /* MovieGridViewController.swift in Sources */ = {isa = PBXBuildFile; fileRef = 24650FA8253E9F5300F08D0C /* MovieGridViewController.swift */; };
		24650FAB253EA1DD00F08D0C /* MovieGridCell.swift in Sources */ = {isa = PBXBuildFile; fileRef = 24650FAA253EA1DD00F08D0C /* MovieGridCell.swift */; };
		930FA2FC9F1AF8206EA54167 /* Pods_Flixster_FlixsterUITests.framework in Frameworks */ = {isa = PBXBuildFile; fileRef = 21E2EFACF0CFD2D440A3F2AE /* Pods_Flixster_FlixsterUITests.framework */; };
		C747239AFF992A0D06542882 /* Pods_Flixster.framework in Frameworks */ = {isa = PBXBuildFile; fileRef = EBA760182E86B280404EA743 /* Pods_Flixster.framework */; };
/* End PBXBuildFile section */

/* Begin PBXContainerItemProxy section */
		240BD666253B72A200673541 /* PBXContainerItemProxy */ = {
			isa = PBXContainerItemProxy;
			containerPortal = 240BD649253B72A100673541 /* Project object */;
			proxyType = 1;
			remoteGlobalIDString = 240BD650253B72A200673541;
			remoteInfo = Flixster;
		};
		240BD671253B72A200673541 /* PBXContainerItemProxy */ = {
			isa = PBXContainerItemProxy;
			containerPortal = 240BD649253B72A100673541 /* Project object */;
			proxyType = 1;
			remoteGlobalIDString = 240BD650253B72A200673541;
			remoteInfo = Flixster;
		};
/* End PBXContainerItemProxy section */

/* Begin PBXFileReference section */
		049D3782827A85853BA1EDEA /* Pods-Flixster.debug.xcconfig */ = {isa = PBXFileReference; includeInIndex = 1; lastKnownFileType = text.xcconfig; name = "Pods-Flixster.debug.xcconfig"; path = "Target Support Files/Pods-Flixster/Pods-Flixster.debug.xcconfig"; sourceTree = "<group>"; };
		090BA4D80E60AF9CBC2A06B2 /* Pods-Flixster-FlixsterUITests.debug.xcconfig */ = {isa = PBXFileReference; includeInIndex = 1; lastKnownFileType = text.xcconfig; name = "Pods-Flixster-FlixsterUITests.debug.xcconfig"; path = "Target Support Files/Pods-Flixster-FlixsterUITests/Pods-Flixster-FlixsterUITests.debug.xcconfig"; sourceTree = "<group>"; };
		0CCACA895AF6C75E5619D96C /* Pods_FlixsterTests.framework */ = {isa = PBXFileReference; explicitFileType = wrapper.framework; includeInIndex = 0; path = Pods_FlixsterTests.framework; sourceTree = BUILT_PRODUCTS_DIR; };
		21E2EFACF0CFD2D440A3F2AE /* Pods_Flixster_FlixsterUITests.framework */ = {isa = PBXFileReference; explicitFileType = wrapper.framework; includeInIndex = 0; path = Pods_Flixster_FlixsterUITests.framework; sourceTree = BUILT_PRODUCTS_DIR; };
		240BD651253B72A200673541 /* Flixster.app */ = {isa = PBXFileReference; explicitFileType = wrapper.application; includeInIndex = 0; path = Flixster.app; sourceTree = BUILT_PRODUCTS_DIR; };
		240BD654253B72A200673541 /* AppDelegate.swift */ = {isa = PBXFileReference; lastKnownFileType = sourcecode.swift; path = AppDelegate.swift; sourceTree = "<group>"; };
		240BD656253B72A200673541 /* ViewController.swift */ = {isa = PBXFileReference; lastKnownFileType = sourcecode.swift; path = ViewController.swift; sourceTree = "<group>"; };
		240BD659253B72A200673541 /* Base */ = {isa = PBXFileReference; lastKnownFileType = file.storyboard; name = Base; path = Base.lproj/Main.storyboard; sourceTree = "<group>"; };
		240BD65B253B72A200673541 /* Assets.xcassets */ = {isa = PBXFileReference; lastKnownFileType = folder.assetcatalog; path = Assets.xcassets; sourceTree = "<group>"; };
		240BD65E253B72A200673541 /* Base */ = {isa = PBXFileReference; lastKnownFileType = file.storyboard; name = Base; path = Base.lproj/LaunchScreen.storyboard; sourceTree = "<group>"; };
		240BD660253B72A200673541 /* Info.plist */ = {isa = PBXFileReference; lastKnownFileType = text.plist.xml; path = Info.plist; sourceTree = "<group>"; };
		240BD665253B72A200673541 /* FlixsterTests.xctest */ = {isa = PBXFileReference; explicitFileType = wrapper.cfbundle; includeInIndex = 0; path = FlixsterTests.xctest; sourceTree = BUILT_PRODUCTS_DIR; };
		240BD669253B72A200673541 /* FlixsterTests.swift */ = {isa = PBXFileReference; lastKnownFileType = sourcecode.swift; path = FlixsterTests.swift; sourceTree = "<group>"; };
		240BD66B253B72A200673541 /* Info.plist */ = {isa = PBXFileReference; lastKnownFileType = text.plist.xml; path = Info.plist; sourceTree = "<group>"; };
		240BD670253B72A200673541 /* FlixsterUITests.xctest */ = {isa = PBXFileReference; explicitFileType = wrapper.cfbundle; includeInIndex = 0; path = FlixsterUITests.xctest; sourceTree = BUILT_PRODUCTS_DIR; };
		240BD674253B72A200673541 /* FlixsterUITests.swift */ = {isa = PBXFileReference; lastKnownFileType = sourcecode.swift; path = FlixsterUITests.swift; sourceTree = "<group>"; };
		240BD676253B72A200673541 /* Info.plist */ = {isa = PBXFileReference; lastKnownFileType = text.plist.xml; path = Info.plist; sourceTree = "<group>"; };
		240BD682253B7A1B00673541 /* MovieCell.swift */ = {isa = PBXFileReference; lastKnownFileType = sourcecode.swift; path = MovieCell.swift; sourceTree = "<group>"; };
		24650FA4253E86EA00F08D0C /* MovieDetailViewController.swift */ = {isa = PBXFileReference; lastKnownFileType = sourcecode.swift; path = MovieDetailViewController.swift; sourceTree = "<group>"; };
		24650FA8253E9F5300F08D0C /* MovieGridViewController.swift */ = {isa = PBXFileReference; lastKnownFileType = sourcecode.swift; path = MovieGridViewController.swift; sourceTree = "<group>"; };
		24650FAA253EA1DD00F08D0C /* MovieGridCell.swift */ = {isa = PBXFileReference; lastKnownFileType = sourcecode.swift; path = MovieGridCell.swift; sourceTree = "<group>"; };
		41890F00C8687254DE110287 /* Pods-FlixsterTests.debug.xcconfig */ = {isa = PBXFileReference; includeInIndex = 1; lastKnownFileType = text.xcconfig; name = "Pods-FlixsterTests.debug.xcconfig"; path = "Target Support Files/Pods-FlixsterTests/Pods-FlixsterTests.debug.xcconfig"; sourceTree = "<group>"; };
		AC0724AB0E89762524EE7CC2 /* Pods-FlixsterTests.release.xcconfig */ = {isa = PBXFileReference; includeInIndex = 1; lastKnownFileType = text.xcconfig; name = "Pods-FlixsterTests.release.xcconfig"; path = "Target Support Files/Pods-FlixsterTests/Pods-FlixsterTests.release.xcconfig"; sourceTree = "<group>"; };
		B586CD118BD2C3B94142D71F /* Pods-Flixster.release.xcconfig */ = {isa = PBXFileReference; includeInIndex = 1; lastKnownFileType = text.xcconfig; name = "Pods-Flixster.release.xcconfig"; path = "Target Support Files/Pods-Flixster/Pods-Flixster.release.xcconfig"; sourceTree = "<group>"; };
		DC3BB6106EFA279F510EF250 /* Pods-Flixster-FlixsterUITests.release.xcconfig */ = {isa = PBXFileReference; includeInIndex = 1; lastKnownFileType = text.xcconfig; name = "Pods-Flixster-FlixsterUITests.release.xcconfig"; path = "Target Support Files/Pods-Flixster-FlixsterUITests/Pods-Flixster-FlixsterUITests.release.xcconfig"; sourceTree = "<group>"; };
		EBA760182E86B280404EA743 /* Pods_Flixster.framework */ = {isa = PBXFileReference; explicitFileType = wrapper.framework; includeInIndex = 0; path = Pods_Flixster.framework; sourceTree = BUILT_PRODUCTS_DIR; };
/* End PBXFileReference section */

/* Begin PBXFrameworksBuildPhase section */
		240BD64E253B72A200673541 /* Frameworks */ = {
			isa = PBXFrameworksBuildPhase;
			buildActionMask = 2147483647;
			files = (
				C747239AFF992A0D06542882 /* Pods_Flixster.framework in Frameworks */,
			);
			runOnlyForDeploymentPostprocessing = 0;
		};
		240BD662253B72A200673541 /* Frameworks */ = {
			isa = PBXFrameworksBuildPhase;
			buildActionMask = 2147483647;
			files = (
				0A29BD8B061C128203816DAD /* Pods_FlixsterTests.framework in Frameworks */,
			);
			runOnlyForDeploymentPostprocessing = 0;
		};
		240BD66D253B72A200673541 /* Frameworks */ = {
			isa = PBXFrameworksBuildPhase;
			buildActionMask = 2147483647;
			files = (
				930FA2FC9F1AF8206EA54167 /* Pods_Flixster_FlixsterUITests.framework in Frameworks */,
			);
			runOnlyForDeploymentPostprocessing = 0;
		};
/* End PBXFrameworksBuildPhase section */

/* Begin PBXGroup section */
		240BD648253B72A100673541 = {
			isa = PBXGroup;
			children = (
				240BD653253B72A200673541 /* Flixster */,
				240BD668253B72A200673541 /* FlixsterTests */,
				240BD673253B72A200673541 /* FlixsterUITests */,
				240BD652253B72A200673541 /* Products */,
				CDDD4D2488D9707D7FE5001C /* Pods */,
				8CE797E880CDDDEFE39305D2 /* Frameworks */,
			);
			sourceTree = "<group>";
		};
		240BD652253B72A200673541 /* Products */ = {
			isa = PBXGroup;
			children = (
				240BD651253B72A200673541 /* Flixster.app */,
				240BD665253B72A200673541 /* FlixsterTests.xctest */,
				240BD670253B72A200673541 /* FlixsterUITests.xctest */,
			);
			name = Products;
			sourceTree = "<group>";
		};
		240BD653253B72A200673541 /* Flixster */ = {
			isa = PBXGroup;
			children = (
				240BD654253B72A200673541 /* AppDelegate.swift */,
				240BD656253B72A200673541 /* ViewController.swift */,
				240BD658253B72A200673541 /* Main.storyboard */,
				240BD65B253B72A200673541 /* Assets.xcassets */,
				240BD65D253B72A200673541 /* LaunchScreen.storyboard */,
				240BD660253B72A200673541 /* Info.plist */,
				240BD682253B7A1B00673541 /* MovieCell.swift */,
				24650FA4253E86EA00F08D0C /* MovieDetailViewController.swift */,
				24650FA8253E9F5300F08D0C /* MovieGridViewController.swift */,
				24650FAA253EA1DD00F08D0C /* MovieGridCell.swift */,
			);
			path = Flixster;
			sourceTree = "<group>";
		};
		240BD668253B72A200673541 /* FlixsterTests */ = {
			isa = PBXGroup;
			children = (
				240BD669253B72A200673541 /* FlixsterTests.swift */,
				240BD66B253B72A200673541 /* Info.plist */,
			);
			path = FlixsterTests;
			sourceTree = "<group>";
		};
		240BD673253B72A200673541 /* FlixsterUITests */ = {
			isa = PBXGroup;
			children = (
				240BD674253B72A200673541 /* FlixsterUITests.swift */,
				240BD676253B72A200673541 /* Info.plist */,
			);
			path = FlixsterUITests;
			sourceTree = "<group>";
		};
		8CE797E880CDDDEFE39305D2 /* Frameworks */ = {
			isa = PBXGroup;
			children = (
				EBA760182E86B280404EA743 /* Pods_Flixster.framework */,
				21E2EFACF0CFD2D440A3F2AE /* Pods_Flixster_FlixsterUITests.framework */,
				0CCACA895AF6C75E5619D96C /* Pods_FlixsterTests.framework */,
			);
			name = Frameworks;
			sourceTree = "<group>";
		};
		CDDD4D2488D9707D7FE5001C /* Pods */ = {
			isa = PBXGroup;
			children = (
				049D3782827A85853BA1EDEA /* Pods-Flixster.debug.xcconfig */,
				B586CD118BD2C3B94142D71F /* Pods-Flixster.release.xcconfig */,
				090BA4D80E60AF9CBC2A06B2 /* Pods-Flixster-FlixsterUITests.debug.xcconfig */,
				DC3BB6106EFA279F510EF250 /* Pods-Flixster-FlixsterUITests.release.xcconfig */,
				41890F00C8687254DE110287 /* Pods-FlixsterTests.debug.xcconfig */,
				AC0724AB0E89762524EE7CC2 /* Pods-FlixsterTests.release.xcconfig */,
			);
			path = Pods;
			sourceTree = "<group>";
		};
/* End PBXGroup section */

/* Begin PBXNativeTarget section */
		240BD650253B72A200673541 /* Flixster */ = {
			isa = PBXNativeTarget;
			buildConfigurationList = 240BD679253B72A200673541 /* Build configuration list for PBXNativeTarget "Flixster" */;
			buildPhases = (
				D3637DD785D92BFFC60B0F96 /* [CP] Check Pods Manifest.lock */,
				240BD64D253B72A200673541 /* Sources */,
				240BD64E253B72A200673541 /* Frameworks */,
				240BD64F253B72A200673541 /* Resources */,
				CE99C2129375C329AA60525D /* [CP] Embed Pods Frameworks */,
			);
			buildRules = (
			);
			dependencies = (
			);
			name = Flixster;
			productName = Flixster;
			productReference = 240BD651253B72A200673541 /* Flixster.app */;
			productType = "com.apple.product-type.application";
		};
		240BD664253B72A200673541 /* FlixsterTests */ = {
			isa = PBXNativeTarget;
			buildConfigurationList = 240BD67C253B72A200673541 /* Build configuration list for PBXNativeTarget "FlixsterTests" */;
			buildPhases = (
				9041F63CC86DCD75DF4213E8 /* [CP] Check Pods Manifest.lock */,
				240BD661253B72A200673541 /* Sources */,
				240BD662253B72A200673541 /* Frameworks */,
				240BD663253B72A200673541 /* Resources */,
			);
			buildRules = (
			);
			dependencies = (
				240BD667253B72A200673541 /* PBXTargetDependency */,
			);
			name = FlixsterTests;
			productName = FlixsterTests;
			productReference = 240BD665253B72A200673541 /* FlixsterTests.xctest */;
			productType = "com.apple.product-type.bundle.unit-test";
		};
		240BD66F253B72A200673541 /* FlixsterUITests */ = {
			isa = PBXNativeTarget;
			buildConfigurationList = 240BD67F253B72A200673541 /* Build configuration list for PBXNativeTarget "FlixsterUITests" */;
			buildPhases = (
				611B55890A24242A73667738 /* [CP] Check Pods Manifest.lock */,
				240BD66C253B72A200673541 /* Sources */,
				240BD66D253B72A200673541 /* Frameworks */,
				240BD66E253B72A200673541 /* Resources */,
				8100E80545C5E7A4F0C5E5BC /* [CP] Embed Pods Frameworks */,
			);
			buildRules = (
			);
			dependencies = (
				240BD672253B72A200673541 /* PBXTargetDependency */,
			);
			name = FlixsterUITests;
			productName = FlixsterUITests;
			productReference = 240BD670253B72A200673541 /* FlixsterUITests.xctest */;
			productType = "com.apple.product-type.bundle.ui-testing";
		};
/* End PBXNativeTarget section */

/* Begin PBXProject section */
		240BD649253B72A100673541 /* Project object */ = {
			isa = PBXProject;
			attributes = {
				LastSwiftUpdateCheck = 1000;
				LastUpgradeCheck = 1000;
				ORGANIZATIONNAME = "Yaxin Liu";
				TargetAttributes = {
					240BD650253B72A200673541 = {
						CreatedOnToolsVersion = 10.0;
					};
					240BD664253B72A200673541 = {
						CreatedOnToolsVersion = 10.0;
						TestTargetID = 240BD650253B72A200673541;
					};
					240BD66F253B72A200673541 = {
						CreatedOnToolsVersion = 10.0;
						TestTargetID = 240BD650253B72A200673541;
					};
				};
			};
			buildConfigurationList = 240BD64C253B72A100673541 /* Build configuration list for PBXProject "Flixster" */;
			compatibilityVersion = "Xcode 9.3";
			developmentRegion = en;
			hasScannedForEncodings = 0;
			knownRegions = (
				en,
				Base,
			);
			mainGroup = 240BD648253B72A100673541;
			productRefGroup = 240BD652253B72A200673541 /* Products */;
			projectDirPath = "";
			projectRoot = "";
			targets = (
				240BD650253B72A200673541 /* Flixster */,
				240BD664253B72A200673541 /* FlixsterTests */,
				240BD66F253B72A200673541 /* FlixsterUITests */,
			);
		};
/* End PBXProject section */

/* Begin PBXResourcesBuildPhase section */
		240BD64F253B72A200673541 /* Resources */ = {
			isa = PBXResourcesBuildPhase;
			buildActionMask = 2147483647;
			files = (
				240BD65F253B72A200673541 /* LaunchScreen.storyboard in Resources */,
				240BD65C253B72A200673541 /* Assets.xcassets in Resources */,
				240BD65A253B72A200673541 /* Main.storyboard in Resources */,
			);
			runOnlyForDeploymentPostprocessing = 0;
		};
		240BD663253B72A200673541 /* Resources */ = {
			isa = PBXResourcesBuildPhase;
			buildActionMask = 2147483647;
			files = (
			);
			runOnlyForDeploymentPostprocessing = 0;
		};
		240BD66E253B72A200673541 /* Resources */ = {
			isa = PBXResourcesBuildPhase;
			buildActionMask = 2147483647;
			files = (
			);
			runOnlyForDeploymentPostprocessing = 0;
		};
/* End PBXResourcesBuildPhase section */

/* Begin PBXShellScriptBuildPhase section */
		611B55890A24242A73667738 /* [CP] Check Pods Manifest.lock */ = {
			isa = PBXShellScriptBuildPhase;
			buildActionMask = 2147483647;
			files = (
			);
			inputFileListPaths = (
			);
			inputPaths = (
				"${PODS_PODFILE_DIR_PATH}/Podfile.lock",
				"${PODS_ROOT}/Manifest.lock",
			);
			name = "[CP] Check Pods Manifest.lock";
			outputFileListPaths = (
			);
			outputPaths = (
				"$(DERIVED_FILE_DIR)/Pods-Flixster-FlixsterUITests-checkManifestLockResult.txt",
			);
			runOnlyForDeploymentPostprocessing = 0;
			shellPath = /bin/sh;
			shellScript = "diff \"${PODS_PODFILE_DIR_PATH}/Podfile.lock\" \"${PODS_ROOT}/Manifest.lock\" > /dev/null\nif [ $? != 0 ] ; then\n    # print error to STDERR\n    echo \"error: The sandbox is not in sync with the Podfile.lock. Run 'pod install' or update your CocoaPods installation.\" >&2\n    exit 1\nfi\n# This output is used by Xcode 'outputs' to avoid re-running this script phase.\necho \"SUCCESS\" > \"${SCRIPT_OUTPUT_FILE_0}\"\n";
			showEnvVarsInLog = 0;
		};
		8100E80545C5E7A4F0C5E5BC /* [CP] Embed Pods Frameworks */ = {
			isa = PBXShellScriptBuildPhase;
			buildActionMask = 2147483647;
			files = (
			);
			inputFileListPaths = (
				"${PODS_ROOT}/Target Support Files/Pods-Flixster-FlixsterUITests/Pods-Flixster-FlixsterUITests-frameworks-${CONFIGURATION}-input-files.xcfilelist",
			);
			name = "[CP] Embed Pods Frameworks";
			outputFileListPaths = (
				"${PODS_ROOT}/Target Support Files/Pods-Flixster-FlixsterUITests/Pods-Flixster-FlixsterUITests-frameworks-${CONFIGURATION}-output-files.xcfilelist",
			);
			runOnlyForDeploymentPostprocessing = 0;
			shellPath = /bin/sh;
			shellScript = "\"${PODS_ROOT}/Target Support Files/Pods-Flixster-FlixsterUITests/Pods-Flixster-FlixsterUITests-frameworks.sh\"\n";
			showEnvVarsInLog = 0;
		};
		9041F63CC86DCD75DF4213E8 /* [CP] Check Pods Manifest.lock */ = {
			isa = PBXShellScriptBuildPhase;
			buildActionMask = 2147483647;
			files = (
			);
			inputFileListPaths = (
			);
			inputPaths = (
				"${PODS_PODFILE_DIR_PATH}/Podfile.lock",
				"${PODS_ROOT}/Manifest.lock",
			);
			name = "[CP] Check Pods Manifest.lock";
			outputFileListPaths = (
			);
			outputPaths = (
				"$(DERIVED_FILE_DIR)/Pods-FlixsterTests-checkManifestLockResult.txt",
			);
			runOnlyForDeploymentPostprocessing = 0;
			shellPath = /bin/sh;
			shellScript = "diff \"${PODS_PODFILE_DIR_PATH}/Podfile.lock\" \"${PODS_ROOT}/Manifest.lock\" > /dev/null\nif [ $? != 0 ] ; then\n    # print error to STDERR\n    echo \"error: The sandbox is not in sync with the Podfile.lock. Run 'pod install' or update your CocoaPods installation.\" >&2\n    exit 1\nfi\n# This output is used by Xcode 'outputs' to avoid re-running this script phase.\necho \"SUCCESS\" > \"${SCRIPT_OUTPUT_FILE_0}\"\n";
			showEnvVarsInLog = 0;
		};
		CE99C2129375C329AA60525D /* [CP] Embed Pods Frameworks */ = {
			isa = PBXShellScriptBuildPhase;
			buildActionMask = 2147483647;
			files = (
			);
			inputFileListPaths = (
				"${PODS_ROOT}/Target Support Files/Pods-Flixster/Pods-Flixster-frameworks-${CONFIGURATION}-input-files.xcfilelist",
			);
			name = "[CP] Embed Pods Frameworks";
			outputFileListPaths = (
				"${PODS_ROOT}/Target Support Files/Pods-Flixster/Pods-Flixster-frameworks-${CONFIGURATION}-output-files.xcfilelist",
			);
			runOnlyForDeploymentPostprocessing = 0;
			shellPath = /bin/sh;
			shellScript = "\"${PODS_ROOT}/Target Support Files/Pods-Flixster/Pods-Flixster-frameworks.sh\"\n";
			showEnvVarsInLog = 0;
		};
		D3637DD785D92BFFC60B0F96 /* [CP] Check Pods Manifest.lock */ = {
			isa = PBXShellScriptBuildPhase;
			buildActionMask = 2147483647;
			files = (
			);
			inputFileListPaths = (
			);
			inputPaths = (
				"${PODS_PODFILE_DIR_PATH}/Podfile.lock",
				"${PODS_ROOT}/Manifest.lock",
			);
			name = "[CP] Check Pods Manifest.lock";
			outputFileListPaths = (
			);
			outputPaths = (
				"$(DERIVED_FILE_DIR)/Pods-Flixster-checkManifestLockResult.txt",
			);
			runOnlyForDeploymentPostprocessing = 0;
			shellPath = /bin/sh;
			shellScript = "diff \"${PODS_PODFILE_DIR_PATH}/Podfile.lock\" \"${PODS_ROOT}/Manifest.lock\" > /dev/null\nif [ $? != 0 ] ; then\n    # print error to STDERR\n    echo \"error: The sandbox is not in sync with the Podfile.lock. Run 'pod install' or update your CocoaPods installation.\" >&2\n    exit 1\nfi\n# This output is used by Xcode 'outputs' to avoid re-running this script phase.\necho \"SUCCESS\" > \"${SCRIPT_OUTPUT_FILE_0}\"\n";
			showEnvVarsInLog = 0;
		};
/* End PBXShellScriptBuildPhase section */

/* Begin PBXSourcesBuildPhase section */
		240BD64D253B72A200673541 /* Sources */ = {
			isa = PBXSourcesBuildPhase;
			buildActionMask = 2147483647;
			files = (
				24650FA9253E9F5300F08D0C /* MovieGridViewController.swift in Sources */,
				24650FA5253E86EA00F08D0C /* MovieDetailViewController.swift in Sources */,
				240BD657253B72A200673541 /* ViewController.swift in Sources */,
				240BD655253B72A200673541 /* AppDelegate.swift in Sources */,
				24650FAB253EA1DD00F08D0C /* MovieGridCell.swift in Sources */,
				240BD683253B7A1B00673541 /* MovieCell.swift in Sources */,
			);
			runOnlyForDeploymentPostprocessing = 0;
		};
		240BD661253B72A200673541 /* Sources */ = {
			isa = PBXSourcesBuildPhase;
			buildActionMask = 2147483647;
			files = (
				240BD66A253B72A200673541 /* FlixsterTests.swift in Sources */,
			);
			runOnlyForDeploymentPostprocessing = 0;
		};
		240BD66C253B72A200673541 /* Sources */ = {
			isa = PBXSourcesBuildPhase;
			buildActionMask = 2147483647;
			files = (
				240BD675253B72A200673541 /* FlixsterUITests.swift in Sources */,
			);
			runOnlyForDeploymentPostprocessing = 0;
		};
/* End PBXSourcesBuildPhase section */

/* Begin PBXTargetDependency section */
		240BD667253B72A200673541 /* PBXTargetDependency */ = {
			isa = PBXTargetDependency;
			target = 240BD650253B72A200673541 /* Flixster */;
			targetProxy = 240BD666253B72A200673541 /* PBXContainerItemProxy */;
		};
		240BD672253B72A200673541 /* PBXTargetDependency */ = {
			isa = PBXTargetDependency;
			target = 240BD650253B72A200673541 /* Flixster */;
			targetProxy = 240BD671253B72A200673541 /* PBXContainerItemProxy */;
		};
/* End PBXTargetDependency section */

/* Begin PBXVariantGroup section */
		240BD658253B72A200673541 /* Main.storyboard */ = {
			isa = PBXVariantGroup;
			children = (
				240BD659253B72A200673541 /* Base */,
			);
			name = Main.storyboard;
			sourceTree = "<group>";
		};
		240BD65D253B72A200673541 /* LaunchScreen.storyboard */ = {
			isa = PBXVariantGroup;
			children = (
				240BD65E253B72A200673541 /* Base */,
			);
			name = LaunchScreen.storyboard;
			sourceTree = "<group>";
		};
/* End PBXVariantGroup section */

/* Begin XCBuildConfiguration section */
		240BD677253B72A200673541 /* Debug */ = {
			isa = XCBuildConfiguration;
			buildSettings = {
				ALWAYS_SEARCH_USER_PATHS = NO;
				CLANG_ANALYZER_NONNULL = YES;
				CLANG_ANALYZER_NUMBER_OBJECT_CONVERSION = YES_AGGRESSIVE;
				CLANG_CXX_LANGUAGE_STANDARD = "gnu++14";
				CLANG_CXX_LIBRARY = "libc++";
				CLANG_ENABLE_MODULES = YES;
				CLANG_ENABLE_OBJC_ARC = YES;
				CLANG_ENABLE_OBJC_WEAK = YES;
				CLANG_WARN_BLOCK_CAPTURE_AUTORELEASING = YES;
				CLANG_WARN_BOOL_CONVERSION = YES;
				CLANG_WARN_COMMA = YES;
				CLANG_WARN_CONSTANT_CONVERSION = YES;
				CLANG_WARN_DEPRECATED_OBJC_IMPLEMENTATIONS = YES;
				CLANG_WARN_DIRECT_OBJC_ISA_USAGE = YES_ERROR;
				CLANG_WARN_DOCUMENTATION_COMMENTS = YES;
				CLANG_WARN_EMPTY_BODY = YES;
				CLANG_WARN_ENUM_CONVERSION = YES;
				CLANG_WARN_INFINITE_RECURSION = YES;
				CLANG_WARN_INT_CONVERSION = YES;
				CLANG_WARN_NON_LITERAL_NULL_CONVERSION = YES;
				CLANG_WARN_OBJC_IMPLICIT_RETAIN_SELF = YES;
				CLANG_WARN_OBJC_LITERAL_CONVERSION = YES;
				CLANG_WARN_OBJC_ROOT_CLASS = YES_ERROR;
				CLANG_WARN_RANGE_LOOP_ANALYSIS = YES;
				CLANG_WARN_STRICT_PROTOTYPES = YES;
				CLANG_WARN_SUSPICIOUS_MOVE = YES;
				CLANG_WARN_UNGUARDED_AVAILABILITY = YES_AGGRESSIVE;
				CLANG_WARN_UNREACHABLE_CODE = YES;
				CLANG_WARN__DUPLICATE_METHOD_MATCH = YES;
				CODE_SIGN_IDENTITY = "iPhone Developer";
				COPY_PHASE_STRIP = NO;
				DEBUG_INFORMATION_FORMAT = dwarf;
				ENABLE_STRICT_OBJC_MSGSEND = YES;
				ENABLE_TESTABILITY = YES;
				GCC_C_LANGUAGE_STANDARD = gnu11;
				GCC_DYNAMIC_NO_PIC = NO;
				GCC_NO_COMMON_BLOCKS = YES;
				GCC_OPTIMIZATION_LEVEL = 0;
				GCC_PREPROCESSOR_DEFINITIONS = (
					"DEBUG=1",
					"$(inherited)",
				);
				GCC_WARN_64_TO_32_BIT_CONVERSION = YES;
				GCC_WARN_ABOUT_RETURN_TYPE = YES_ERROR;
				GCC_WARN_UNDECLARED_SELECTOR = YES;
				GCC_WARN_UNINITIALIZED_AUTOS = YES_AGGRESSIVE;
				GCC_WARN_UNUSED_FUNCTION = YES;
				GCC_WARN_UNUSED_VARIABLE = YES;
				IPHONEOS_DEPLOYMENT_TARGET = 12.0;
				MTL_ENABLE_DEBUG_INFO = INCLUDE_SOURCE;
				MTL_FAST_MATH = YES;
				ONLY_ACTIVE_ARCH = YES;
				SDKROOT = iphoneos;
				SWIFT_ACTIVE_COMPILATION_CONDITIONS = DEBUG;
				SWIFT_OPTIMIZATION_LEVEL = "-Onone";
			};
			name = Debug;
		};
		240BD678253B72A200673541 /* Release */ = {
			isa = XCBuildConfiguration;
			buildSettings = {
				ALWAYS_SEARCH_USER_PATHS = NO;
				CLANG_ANALYZER_NONNULL = YES;
				CLANG_ANALYZER_NUMBER_OBJECT_CONVERSION = YES_AGGRESSIVE;
				CLANG_CXX_LANGUAGE_STANDARD = "gnu++14";
				CLANG_CXX_LIBRARY = "libc++";
				CLANG_ENABLE_MODULES = YES;
				CLANG_ENABLE_OBJC_ARC = YES;
				CLANG_ENABLE_OBJC_WEAK = YES;
				CLANG_WARN_BLOCK_CAPTURE_AUTORELEASING = YES;
				CLANG_WARN_BOOL_CONVERSION = YES;
				CLANG_WARN_COMMA = YES;
				CLANG_WARN_CONSTANT_CONVERSION = YES;
				CLANG_WARN_DEPRECATED_OBJC_IMPLEMENTATIONS = YES;
				CLANG_WARN_DIRECT_OBJC_ISA_USAGE = YES_ERROR;
				CLANG_WARN_DOCUMENTATION_COMMENTS = YES;
				CLANG_WARN_EMPTY_BODY = YES;
				CLANG_WARN_ENUM_CONVERSION = YES;
				CLANG_WARN_INFINITE_RECURSION = YES;
				CLANG_WARN_INT_CONVERSION = YES;
				CLANG_WARN_NON_LITERAL_NULL_CONVERSION = YES;
				CLANG_WARN_OBJC_IMPLICIT_RETAIN_SELF = YES;
				CLANG_WARN_OBJC_LITERAL_CONVERSION = YES;
				CLANG_WARN_OBJC_ROOT_CLASS = YES_ERROR;
				CLANG_WARN_RANGE_LOOP_ANALYSIS = YES;
				CLANG_WARN_STRICT_PROTOTYPES = YES;
				CLANG_WARN_SUSPICIOUS_MOVE = YES;
				CLANG_WARN_UNGUARDED_AVAILABILITY = YES_AGGRESSIVE;
				CLANG_WARN_UNREACHABLE_CODE = YES;
				CLANG_WARN__DUPLICATE_METHOD_MATCH = YES;
				CODE_SIGN_IDENTITY = "iPhone Developer";
				COPY_PHASE_STRIP = NO;
				DEBUG_INFORMATION_FORMAT = "dwarf-with-dsym";
				ENABLE_NS_ASSERTIONS = NO;
				ENABLE_STRICT_OBJC_MSGSEND = YES;
				GCC_C_LANGUAGE_STANDARD = gnu11;
				GCC_NO_COMMON_BLOCKS = YES;
				GCC_WARN_64_TO_32_BIT_CONVERSION = YES;
				GCC_WARN_ABOUT_RETURN_TYPE = YES_ERROR;
				GCC_WARN_UNDECLARED_SELECTOR = YES;
				GCC_WARN_UNINITIALIZED_AUTOS = YES_AGGRESSIVE;
				GCC_WARN_UNUSED_FUNCTION = YES;
				GCC_WARN_UNUSED_VARIABLE = YES;
				IPHONEOS_DEPLOYMENT_TARGET = 12.0;
				MTL_ENABLE_DEBUG_INFO = NO;
				MTL_FAST_MATH = YES;
				SDKROOT = iphoneos;
				SWIFT_COMPILATION_MODE = wholemodule;
				SWIFT_OPTIMIZATION_LEVEL = "-O";
				VALIDATE_PRODUCT = YES;
			};
			name = Release;
		};
		240BD67A253B72A200673541 /* Debug */ = {
			isa = XCBuildConfiguration;
			baseConfigurationReference = 049D3782827A85853BA1EDEA /* Pods-Flixster.debug.xcconfig */;
			buildSettings = {
				ASSETCATALOG_COMPILER_APPICON_NAME = AppIcon;
				CODE_SIGN_STYLE = Automatic;
				INFOPLIST_FILE = Flixster/Info.plist;
				LD_RUNPATH_SEARCH_PATHS = (
					"$(inherited)",
					"@executable_path/Frameworks",
				);
				PRODUCT_BUNDLE_IDENTIFIER = com.Flixster;
				PRODUCT_NAME = "$(TARGET_NAME)";
				SWIFT_VERSION = 4.2;
				TARGETED_DEVICE_FAMILY = "1,2";
			};
			name = Debug;
		};
		240BD67B253B72A200673541 /* Release */ = {
			isa = XCBuildConfiguration;
			baseConfigurationReference = B586CD118BD2C3B94142D71F /* Pods-Flixster.release.xcconfig */;
			buildSettings = {
				ASSETCATALOG_COMPILER_APPICON_NAME = AppIcon;
				CODE_SIGN_STYLE = Automatic;
				INFOPLIST_FILE = Flixster/Info.plist;
				LD_RUNPATH_SEARCH_PATHS = (
					"$(inherited)",
					"@executable_path/Frameworks",
				);
				PRODUCT_BUNDLE_IDENTIFIER = com.Flixster;
				PRODUCT_NAME = "$(TARGET_NAME)";
				SWIFT_VERSION = 4.2;
				TARGETED_DEVICE_FAMILY = "1,2";
			};
			name = Release;
		};
		240BD67D253B72A200673541 /* Debug */ = {
			isa = XCBuildConfiguration;
			baseConfigurationReference = 41890F00C8687254DE110287 /* Pods-FlixsterTests.debug.xcconfig */;
			buildSettings = {
				ALWAYS_EMBED_SWIFT_STANDARD_LIBRARIES = YES;
				BUNDLE_LOADER = "$(TEST_HOST)";
				CODE_SIGN_STYLE = Automatic;
				INFOPLIST_FILE = FlixsterTests/Info.plist;
				LD_RUNPATH_SEARCH_PATHS = (
					"$(inherited)",
					"@executable_path/Frameworks",
					"@loader_path/Frameworks",
				);
				PRODUCT_BUNDLE_IDENTIFIER = com.FlixsterTests;
				PRODUCT_NAME = "$(TARGET_NAME)";
				SWIFT_VERSION = 4.2;
				TARGETED_DEVICE_FAMILY = "1,2";
				TEST_HOST = "$(BUILT_PRODUCTS_DIR)/Flixster.app/Flixster";
			};
			name = Debug;
		};
		240BD67E253B72A200673541 /* Release */ = {
			isa = XCBuildConfiguration;
			baseConfigurationReference = AC0724AB0E89762524EE7CC2 /* Pods-FlixsterTests.release.xcconfig */;
			buildSettings = {
				ALWAYS_EMBED_SWIFT_STANDARD_LIBRARIES = YES;
				BUNDLE_LOADER = "$(TEST_HOST)";
				CODE_SIGN_STYLE = Automatic;
				INFOPLIST_FILE = FlixsterTests/Info.plist;
				LD_RUNPATH_SEARCH_PATHS = (
					"$(inherited)",
					"@executable_path/Frameworks",
					"@loader_path/Frameworks",
				);
				PRODUCT_BUNDLE_IDENTIFIER = com.FlixsterTests;
				PRODUCT_NAME = "$(TARGET_NAME)";
				SWIFT_VERSION = 4.2;
				TARGETED_DEVICE_FAMILY = "1,2";
				TEST_HOST = "$(BUILT_PRODUCTS_DIR)/Flixster.app/Flixster";
			};
			name = Release;
		};
		240BD680253B72A200673541 /* Debug */ = {
			isa = XCBuildConfiguration;
			baseConfigurationReference = 090BA4D80E60AF9CBC2A06B2 /* Pods-Flixster-FlixsterUITests.debug.xcconfig */;
			buildSettings = {
				ALWAYS_EMBED_SWIFT_STANDARD_LIBRARIES = YES;
				CODE_SIGN_STYLE = Automatic;
				INFOPLIST_FILE = FlixsterUITests/Info.plist;
				LD_RUNPATH_SEARCH_PATHS = (
					"$(inherited)",
					"@executable_path/Frameworks",
					"@loader_path/Frameworks",
				);
				PRODUCT_BUNDLE_IDENTIFIER = com.FlixsterUITests;
				PRODUCT_NAME = "$(TARGET_NAME)";
				SWIFT_VERSION = 4.2;
				TARGETED_DEVICE_FAMILY = "1,2";
				TEST_TARGET_NAME = Flixster;
			};
			name = Debug;
		};
		240BD681253B72A200673541 /* Release */ = {
			isa = XCBuildConfiguration;
			baseConfigurationReference = DC3BB6106EFA279F510EF250 /* Pods-Flixster-FlixsterUITests.release.xcconfig */;
			buildSettings = {
				ALWAYS_EMBED_SWIFT_STANDARD_LIBRARIES = YES;
				CODE_SIGN_STYLE = Automatic;
				INFOPLIST_FILE = FlixsterUITests/Info.plist;
				LD_RUNPATH_SEARCH_PATHS = (
					"$(inherited)",
					"@executable_path/Frameworks",
					"@loader_path/Frameworks",
				);
				PRODUCT_BUNDLE_IDENTIFIER = com.FlixsterUITests;
				PRODUCT_NAME = "$(TARGET_NAME)";
				SWIFT_VERSION = 4.2;
				TARGETED_DEVICE_FAMILY = "1,2";
				TEST_TARGET_NAME = Flixster;
			};
			name = Release;
		};
/* End XCBuildConfiguration section */

/* Begin XCConfigurationList section */
		240BD64C253B72A100673541 /* Build configuration list for PBXProject "Flixster" */ = {
			isa = XCConfigurationList;
			buildConfigurations = (
				240BD677253B72A200673541 /* Debug */,
				240BD678253B72A200673541 /* Release */,
			);
			defaultConfigurationIsVisible = 0;
			defaultConfigurationName = Release;
		};
		240BD679253B72A200673541 /* Build configuration list for PBXNativeTarget "Flixster" */ = {
			isa = XCConfigurationList;
			buildConfigurations = (
				240BD67A253B72A200673541 /* Debug */,
				240BD67B253B72A200673541 /* Release */,
			);
			defaultConfigurationIsVisible = 0;
			defaultConfigurationName = Release;
		};
		240BD67C253B72A200673541 /* Build configuration list for PBXNativeTarget "FlixsterTests" */ = {
			isa = XCConfigurationList;
			buildConfigurations = (
				240BD67D253B72A200673541 /* Debug */,
				240BD67E253B72A200673541 /* Release */,
			);
			defaultConfigurationIsVisible = 0;
			defaultConfigurationName = Release;
		};
		240BD67F253B72A200673541 /* Build configuration list for PBXNativeTarget "FlixsterUITests" */ = {
			isa = XCConfigurationList;
			buildConfigurations = (
				240BD680253B72A200673541 /* Debug */,
				240BD681253B72A200673541 /* Release */,
			);
			defaultConfigurationIsVisible = 0;
			defaultConfigurationName = Release;
		};
/* End XCConfigurationList section */
	};
	rootObject = 240BD649253B72A100673541 /* Project object */;
}
